
Microsoft Visual Studio Solution File, Format Version 12.00
# Visual Studio Version 17
VisualStudioVersion = 17.14.36221.1 d17.14
MinimumVisualStudioVersion = 10.0.40219.1
Project("{FAE04EC0-301F-11D3-BF4B-00C04F79EFBC}") = "ProjectGroup10", "ProjectGroup10\ProjectGroup10.csproj", "{6E2FFA49-6FFF-4B96-93A1-CF490ABD4B8C}"
EndProject
Global
	GlobalSection(SolutionConfigurationPlatforms) = preSolution
		Debug|Any CPU = Debug|Any CPU
		Release|Any CPU = Release|Any CPU
	EndGlobalSection
	GlobalSection(ProjectConfigurationPlatforms) = postSolution
		{6E2FFA49-6FFF-4B96-93A1-CF490ABD4B8C}.Debug|Any CPU.ActiveCfg = Debug|Any CPU
		{6E2FFA49-6FFF-4B96-93A1-CF490ABD4B8C}.Debug|Any CPU.Build.0 = Debug|Any CPU
		{6E2FFA49-6FFF-4B96-93A1-CF490ABD4B8C}.Release|Any CPU.ActiveCfg = Release|Any CPU
		{6E2FFA49-6FFF-4B96-93A1-CF490ABD4B8C}.Release|Any CPU.Build.0 = Release|Any CPU
	EndGlobalSection
	GlobalSection(SolutionProperties) = preSolution
		HideSolutionNode = FALSE
	EndGlobalSection
	GlobalSection(ExtensibilityGlobals) = postSolution
		SolutionGuid = {0C7DD7D2-0CD6-4F78-8D39-55DDDC7FB3E3}
	EndGlobalSection
EndGlobal
